// !$*UTF8*$!
{
	archiveVersion = 1;
	classes = {
	};
	objectVersion = 77;
	objects = {

/* Begin PBXBuildFile section */
		A10000000000000000000017 /* NasFinderFileProvider.appex in Embed App Extensions */ = {isa = PBXBuildFile; fileRef = A10000000000000000000008 /* NasFinderFileProvider.appex */; settings = {ATTRIBUTES = (RemoveHeadersOnCopy, ); }; };
		A1000000000000000000002A /* Citadel in Frameworks */ = {isa = PBXBuildFile; productRef = A1000000000000000000002B /* Citadel */; };
		A1000000000000000000002D /* Citadel in Frameworks */ = {isa = PBXBuildFile; productRef = A1000000000000000000002E /* Citadel */; };
		D40000000000000000000001 /* VLCKit in Frameworks */ = {isa = PBXBuildFile; productRef = D40000000000000000000003 /* VLCKit */; };
		E50000000000000000000001 /* SMBClient in Frameworks */ = {isa = PBXBuildFile; productRef = E50000000000000000000003 /* SMBClient */; };
		B20000000000000000000001 /* NasFinderShare.appex in Embed App Extensions */ = {isa = PBXBuildFile; fileRef = B20000000000000000000003 /* NasFinderShare.appex */; settings = {ATTRIBUTES = (RemoveHeadersOnCopy, ); }; };
		C30000000000000000000001 /* NasFinderWidget.appex in Embed App Extensions */ = {isa = PBXBuildFile; fileRef = C30000000000000000000003 /* NasFinderWidget.appex */; settings = {ATTRIBUTES = (RemoveHeadersOnCopy, ); }; };
		F60000000000000000000001 /* NasFinderDocumentPicker.appex in Embed App Extensions */ = {isa = PBXBuildFile; fileRef = F60000000000000000000004 /* NasFinderDocumentPicker.appex */; settings = {ATTRIBUTES = (RemoveHeadersOnCopy, ); }; };
		F60000000000000000000002 /* Citadel in Frameworks */ = {isa = PBXBuildFile; productRef = F60000000000000000000023 /* Citadel */; };
		G70000000000000000000001 /* NasFinderDocumentPickerSupport.appex in Embed App Extensions */ = {isa = PBXBuildFile; fileRef = G70000000000000000000003 /* NasFinderDocumentPickerSupport.appex */; settings = {ATTRIBUTES = (RemoveHeadersOnCopy, ); }; };
/* End PBXBuildFile section */

/* Begin PBXContainerItemProxy section */
		A10000000000000000000018 /* PBXContainerItemProxy */ = {
			isa = PBXContainerItemProxy;
			containerPortal = A10000000000000000000001 /* Project object */;
			proxyType = 1;
			remoteGlobalIDString = A1000000000000000000000B;
			remoteInfo = NasFinderFileProvider;
		};
		A1000000000000000000001A /* PBXContainerItemProxy */ = {
			isa = PBXContainerItemProxy;
			containerPortal = A10000000000000000000001 /* Project object */;
			proxyType = 1;
			remoteGlobalIDString = A1000000000000000000000A;
			remoteInfo = NasFinder;
		};
		B20000000000000000000002 /* PBXContainerItemProxy */ = {
			isa = PBXContainerItemProxy;
			containerPortal = A10000000000000000000001 /* Project object */;
			proxyType = 1;
			remoteGlobalIDString = B20000000000000000000010;
			remoteInfo = NasFinderShare;
		};
		C30000000000000000000002 /* PBXContainerItemProxy */ = {
			isa = PBXContainerItemProxy;
			containerPortal = A10000000000000000000001 /* Project object */;
			proxyType = 1;
			remoteGlobalIDString = C30000000000000000000009;
			remoteInfo = NasFinderWidget;
		};
		F60000000000000000000003 /* PBXContainerItemProxy */ = {
			isa = PBXContainerItemProxy;
			containerPortal = A10000000000000000000001 /* Project object */;
			proxyType = 1;
			remoteGlobalIDString = F60000000000000000000010;
			remoteInfo = NasFinderDocumentPicker;
		};
		G70000000000000000000002 /* PBXContainerItemProxy */ = {
			isa = PBXContainerItemProxy;
			containerPortal = A10000000000000000000001 /* Project object */;
			proxyType = 1;
			remoteGlobalIDString = G70000000000000000000007;
			remoteInfo = NasFinderDocumentPickerSupport;
		};
/* End PBXContainerItemProxy section */

/* Begin PBXCopyFilesBuildPhase section */
		A10000000000000000000010 /* Embed App Extensions */ = {
			isa = PBXCopyFilesBuildPhase;
			buildActionMask = 2147483647;
			dstPath = "";
			dstSubfolderSpec = 13;
			files = (
				A10000000000000000000017 /* NasFinderFileProvider.appex in Embed App Extensions */,
				B20000000000000000000001 /* NasFinderShare.appex in Embed App Extensions */,
				C30000000000000000000001 /* NasFinderWidget.appex in Embed App Extensions */,
				F60000000000000000000001 /* NasFinderDocumentPicker.appex in Embed App Extensions */,
				G70000000000000000000001 /* NasFinderDocumentPickerSupport.appex in Embed App Extensions */,
			);
			name = "Embed App Extensions";
			runOnlyForDeploymentPostprocessing = 0;
		};
/* End PBXCopyFilesBuildPhase section */

/* Begin PBXFileReference section */
		A10000000000000000000007 /* NasFinder.app */ = {isa = PBXFileReference; explicitFileType = wrapper.application; includeInIndex = 0; path = NasFinder.app; sourceTree = BUILT_PRODUCTS_DIR; };
		A10000000000000000000008 /* NasFinderFileProvider.appex */ = {isa = PBXFileReference; explicitFileType = "wrapper.app-extension"; includeInIndex = 0; path = NasFinderFileProvider.appex; sourceTree = BUILT_PRODUCTS_DIR; };
		A10000000000000000000009 /* NasFinderTests.xctest */ = {isa = PBXFileReference; explicitFileType = wrapper.cfbundle; includeInIndex = 0; path = NasFinderTests.xctest; sourceTree = BUILT_PRODUCTS_DIR; };
		B20000000000000000000003 /* NasFinderShare.appex */ = {isa = PBXFileReference; explicitFileType = "wrapper.app-extension"; includeInIndex = 0; path = NasFinderShare.appex; sourceTree = BUILT_PRODUCTS_DIR; };
		C30000000000000000000003 /* NasFinderWidget.appex */ = {isa = PBXFileReference; explicitFileType = "wrapper.app-extension"; includeInIndex = 0; path = NasFinderWidget.appex; sourceTree = BUILT_PRODUCTS_DIR; };
		F60000000000000000000004 /* NasFinderDocumentPicker.appex */ = {isa = PBXFileReference; explicitFileType = "wrapper.app-extension"; includeInIndex = 0; path = NasFinderDocumentPicker.appex; sourceTree = BUILT_PRODUCTS_DIR; };
		G70000000000000000000003 /* NasFinderDocumentPickerSupport.appex */ = {isa = PBXFileReference; explicitFileType = "wrapper.app-extension"; includeInIndex = 0; path = NasFinderDocumentPickerSupport.appex; sourceTree = BUILT_PRODUCTS_DIR; };
/* End PBXFileReference section */

/* Begin PBXFileSystemSynchronizedBuildFileExceptionSet section */
		A10000000000000000000028 /* Exceptions for "NasFinder" folder in "NasFinder" target */ = {
			isa = PBXFileSystemSynchronizedBuildFileExceptionSet;
			membershipExceptions = (
				Info.plist,
			);
			target = A1000000000000000000000A /* NasFinder */;
		};
		A10000000000000000000029 /* Exceptions for "NasFinderFileProvider" folder in "NasFinderFileProvider" target */ = {
			isa = PBXFileSystemSynchronizedBuildFileExceptionSet;
			membershipExceptions = (
				Info.plist,
			);
			target = A1000000000000000000000B /* NasFinderFileProvider */;
		};
		B20000000000000000000004 /* Exceptions for "NasFinderShare" folder in "NasFinderShare" target */ = {
			isa = PBXFileSystemSynchronizedBuildFileExceptionSet;
			membershipExceptions = (
				Info.plist,
			);
			target = B20000000000000000000010 /* NasFinderShare */;
		};
		C30000000000000000000004 /* Exceptions for "NasFinderWidget" folder in "NasFinderWidget" target */ = {
			isa = PBXFileSystemSynchronizedBuildFileExceptionSet;
			membershipExceptions = (
				Info.plist,
			);
			target = C30000000000000000000009 /* NasFinderWidget */;
		};
		F60000000000000000000005 /* Exceptions for "NasFinderDocumentPicker" folder in "NasFinderDocumentPicker" target */ = {
			isa = PBXFileSystemSynchronizedBuildFileExceptionSet;
			membershipExceptions = (
				Info.plist,
			);
			target = F60000000000000000000010 /* NasFinderDocumentPicker */;
		};
		F60000000000000000000006 /* Exceptions for "NasFinderFileProvider" folder in "NasFinderDocumentPicker" target */ = {
			isa = PBXFileSystemSynchronizedBuildFileExceptionSet;
			membershipExceptions = (
				Info.plist,
			);
			target = F60000000000000000000010 /* NasFinderDocumentPicker */;
		};
		G70000000000000000000004 /* Exceptions for "NasFinderDocumentPickerSupport" folder in "NasFinderDocumentPickerSupport" target */ = {
			isa = PBXFileSystemSynchronizedBuildFileExceptionSet;
			membershipExceptions = (
				Info.plist,
			);
			target = G70000000000000000000007 /* NasFinderDocumentPickerSupport */;
		};
/* End PBXFileSystemSynchronizedBuildFileExceptionSet section */

/* Begin PBXFileSystemSynchronizedRootGroup section */
		A10000000000000000000004 /* NasFinder */ = {
			isa = PBXFileSystemSynchronizedRootGroup;
			exceptions = (
				A10000000000000000000028 /* Exceptions for "NasFinder" folder in "NasFinder" target */,
			);
			explicitFileTypes = {
			};
			explicitFolders = (
			);
			path = NasFinder;
			sourceTree = "<group>";
		};
		A10000000000000000000005 /* NasFinderFileProvider */ = {
			isa = PBXFileSystemSynchronizedRootGroup;
			exceptions = (
				A10000000000000000000029 /* Exceptions for "NasFinderFileProvider" folder in "NasFinderFileProvider" target */,
				F60000000000000000000006 /* Exceptions for "NasFinderFileProvider" folder in "NasFinderDocumentPicker" target */,
			);
			explicitFileTypes = {
			};
			explicitFolders = (
			);
			path = NasFinderFileProvider;
			sourceTree = "<group>";
		};
		A10000000000000000000006 /* NasFinderTests */ = {
			isa = PBXFileSystemSynchronizedRootGroup;
			explicitFileTypes = {
			};
			explicitFolders = (
			);
			path = NasFinderTests;
			sourceTree = "<group>";
		};
		B20000000000000000000005 /* NasFinderShared */ = {
			isa = PBXFileSystemSynchronizedRootGroup;
			explicitFileTypes = {
			};
			explicitFolders = (
			);
			path = NasFinderShared;
			sourceTree = "<group>";
		};
		B20000000000000000000006 /* NasFinderShare */ = {
			isa = PBXFileSystemSynchronizedRootGroup;
			exceptions = (
				B20000000000000000000004 /* Exceptions for "NasFinderShare" folder in "NasFinderShare" target */,
			);
			explicitFileTypes = {
			};
			explicitFolders = (
			);
			path = NasFinderShare;
			sourceTree = "<group>";
		};
		C30000000000000000000005 /* NasFinderWidget */ = {
			isa = PBXFileSystemSynchronizedRootGroup;
			exceptions = (
				C30000000000000000000004 /* Exceptions for "NasFinderWidget" folder in "NasFinderWidget" target */,
			);
			explicitFileTypes = {
			};
			explicitFolders = (
			);
			path = NasFinderWidget;
			sourceTree = "<group>";
		};
		F60000000000000000000007 /* NasFinderDocumentPicker */ = {
			isa = PBXFileSystemSynchronizedRootGroup;
			exceptions = (
				F60000000000000000000005 /* Exceptions for "NasFinderDocumentPicker" folder in "NasFinderDocumentPicker" target */,
			);
			explicitFileTypes = {
			};
			explicitFolders = (
			);
			path = NasFinderDocumentPicker;
			sourceTree = "<group>";
		};
		G70000000000000000000005 /* NasFinderDocumentPickerSupport */ = {
			isa = PBXFileSystemSynchronizedRootGroup;
			exceptions = (
				G70000000000000000000004 /* Exceptions for "NasFinderDocumentPickerSupport" folder in "NasFinderDocumentPickerSupport" target */,
			);
			explicitFileTypes = {
			};
			explicitFolders = (
			);
			path = NasFinderDocumentPickerSupport;
			sourceTree = "<group>";
		};
/* End PBXFileSystemSynchronizedRootGroup section */

/* Begin PBXFrameworksBuildPhase section */
		A1000000000000000000000E /* Frameworks */ = {
			isa = PBXFrameworksBuildPhase;
			buildActionMask = 2147483647;
			files = (
				A1000000000000000000002A /* Citadel in Frameworks */,
				D40000000000000000000001 /* VLCKit in Frameworks */,
				E50000000000000000000001 /* SMBClient in Frameworks */,
			);
			runOnlyForDeploymentPostprocessing = 0;
		};
		A10000000000000000000012 /* Frameworks */ = {
			isa = PBXFrameworksBuildPhase;
			buildActionMask = 2147483647;
			files = (
				A1000000000000000000002D /* Citadel in Frameworks */,
			);
			runOnlyForDeploymentPostprocessing = 0;
		};
		A10000000000000000000015 /* Frameworks */ = {
			isa = PBXFrameworksBuildPhase;
			buildActionMask = 2147483647;
			files = (
			);
			runOnlyForDeploymentPostprocessing = 0;
		};
		B20000000000000000000011 /* Frameworks */ = {
			isa = PBXFrameworksBuildPhase;
			buildActionMask = 2147483647;
			files = (
			);
			runOnlyForDeploymentPostprocessing = 0;
		};
		C30000000000000000000006 /* Frameworks */ = {
			isa = PBXFrameworksBuildPhase;
			buildActionMask = 2147483647;
			files = (
			);
			runOnlyForDeploymentPostprocessing = 0;
		};
		F60000000000000000000011 /* Frameworks */ = {
			isa = PBXFrameworksBuildPhase;
			buildActionMask = 2147483647;
			files = (
				F60000000000000000000002 /* Citadel in Frameworks */,
			);
			runOnlyForDeploymentPostprocessing = 0;
		};
		G70000000000000000000006 /* Frameworks */ = {
			isa = PBXFrameworksBuildPhase;
			buildActionMask = 2147483647;
			files = (
			);
			runOnlyForDeploymentPostprocessing = 0;
		};
/* End PBXFrameworksBuildPhase section */

/* Begin PBXGroup section */
		A10000000000000000000002 = {
			isa = PBXGroup;
			children = (
				A10000000000000000000004 /* NasFinder */,
				B20000000000000000000005 /* NasFinderShared */,
				B20000000000000000000006 /* NasFinderShare */,
				C30000000000000000000005 /* NasFinderWidget */,
				A10000000000000000000005 /* NasFinderFileProvider */,
				F60000000000000000000007 /* NasFinderDocumentPicker */,
				G70000000000000000000005 /* NasFinderDocumentPickerSupport */,
				A10000000000000000000006 /* NasFinderTests */,
				A10000000000000000000003 /* Products */,
			);
			sourceTree = "<group>";
		};
		A10000000000000000000003 /* Products */ = {
			isa = PBXGroup;
			children = (
				A10000000000000000000007 /* NasFinder.app */,
				A10000000000000000000008 /* NasFinderFileProvider.appex */,
				A10000000000000000000009 /* NasFinderTests.xctest */,
				B20000000000000000000003 /* NasFinderShare.appex */,
				C30000000000000000000003 /* NasFinderWidget.appex */,
				F60000000000000000000004 /* NasFinderDocumentPicker.appex */,
				G70000000000000000000003 /* NasFinderDocumentPickerSupport.appex */,
			);
			name = Products;
			sourceTree = "<group>";
		};
/* End PBXGroup section */

/* Begin PBXNativeTarget section */
		A1000000000000000000000A /* NasFinder */ = {
			isa = PBXNativeTarget;
			buildConfigurationList = A10000000000000000000025 /* Build configuration list for PBXNativeTarget "NasFinder" */;
			buildPhases = (
				A1000000000000000000000D /* Sources */,
				A1000000000000000000000E /* Frameworks */,
				A1000000000000000000000F /* Resources */,
				A10000000000000000000010 /* Embed App Extensions */,
			);
			buildRules = (
			);
			dependencies = (
				A10000000000000000000019 /* PBXTargetDependency */,
				B20000000000000000000014 /* PBXTargetDependency */,
				C3000000000000000000000A /* PBXTargetDependency */,
				F60000000000000000000014 /* PBXTargetDependency */,
				G7000000000000000000000A /* PBXTargetDependency */,
			);
			fileSystemSynchronizedGroups = (
				A10000000000000000000004 /* NasFinder */,
				B20000000000000000000005 /* NasFinderShared */,
			);
			name = NasFinder;
			packageProductDependencies = (
				A1000000000000000000002B /* Citadel */,
				D40000000000000000000003 /* VLCKit */,
				E50000000000000000000003 /* SMBClient */,
			);
			productName = NasFinder;
			productReference = A10000000000000000000007 /* NasFinder.app */;
			productType = "com.apple.product-type.application";
		};
		A1000000000000000000000B /* NasFinderFileProvider */ = {
			isa = PBXNativeTarget;
			buildConfigurationList = A10000000000000000000026 /* Build configuration list for PBXNativeTarget "NasFinderFileProvider" */;
			buildPhases = (
				A10000000000000000000011 /* Sources */,
				A10000000000000000000012 /* Frameworks */,
				A10000000000000000000013 /* Resources */,
			);
			buildRules = (
			);
			dependencies = (
			);
			fileSystemSynchronizedGroups = (
				A10000000000000000000005 /* NasFinderFileProvider */,
			);
			name = NasFinderFileProvider;
			packageProductDependencies = (
				A1000000000000000000002E /* Citadel */,
			);
			productName = NasFinderFileProvider;
			productReference = A10000000000000000000008 /* NasFinderFileProvider.appex */;
			productType = "com.apple.product-type.app-extension";
		};
		A1000000000000000000000C /* NasFinderTests */ = {
			isa = PBXNativeTarget;
			buildConfigurationList = A10000000000000000000027 /* Build configuration list for PBXNativeTarget "NasFinderTests" */;
			buildPhases = (
				A10000000000000000000014 /* Sources */,
				A10000000000000000000015 /* Frameworks */,
				A10000000000000000000016 /* Resources */,
			);
			buildRules = (
			);
			dependencies = (
				A1000000000000000000001B /* PBXTargetDependency */,
			);
			fileSystemSynchronizedGroups = (
				A10000000000000000000006 /* NasFinderTests */,
			);
			name = NasFinderTests;
			packageProductDependencies = (
			);
			productName = NasFinderTests;
			productReference = A10000000000000000000009 /* NasFinderTests.xctest */;
			productType = "com.apple.product-type.bundle.unit-test";
		};
		B20000000000000000000010 /* NasFinderShare */ = {
			isa = PBXNativeTarget;
			buildConfigurationList = B20000000000000000000022 /* Build configuration list for PBXNativeTarget "NasFinderShare" */;
			buildPhases = (
				B20000000000000000000012 /* Sources */,
				B20000000000000000000011 /* Frameworks */,
				B20000000000000000000013 /* Resources */,
			);
			buildRules = (
			);
			dependencies = (
			);
			fileSystemSynchronizedGroups = (
				B20000000000000000000006 /* NasFinderShare */,
				B20000000000000000000005 /* NasFinderShared */,
			);
			name = NasFinderShare;
			packageProductDependencies = (
			);
			productName = NasFinderShare;
			productReference = B20000000000000000000003 /* NasFinderShare.appex */;
			productType = "com.apple.product-type.app-extension";
		};
		C30000000000000000000009 /* NasFinderWidget */ = {
			isa = PBXNativeTarget;
			buildConfigurationList = C3000000000000000000000D /* Build configuration list for PBXNativeTarget "NasFinderWidget" */;
			buildPhases = (
				C30000000000000000000007 /* Sources */,
				C30000000000000000000006 /* Frameworks */,
				C30000000000000000000008 /* Resources */,
			);
			buildRules = (
			);
			dependencies = (
			);
			fileSystemSynchronizedGroups = (
				C30000000000000000000005 /* NasFinderWidget */,
			);
			name = NasFinderWidget;
			packageProductDependencies = (
			);
			productName = NasFinderWidget;
			productReference = C30000000000000000000003 /* NasFinderWidget.appex */;
			productType = "com.apple.product-type.app-extension";
		};
		F60000000000000000000010 /* NasFinderDocumentPicker */ = {
			isa = PBXNativeTarget;
			buildConfigurationList = F60000000000000000000022 /* Build configuration list for PBXNativeTarget "NasFinderDocumentPicker" */;
			buildPhases = (
				F60000000000000000000012 /* Sources */,
				F60000000000000000000011 /* Frameworks */,
				F60000000000000000000013 /* Resources */,
			);
			buildRules = (
			);
			dependencies = (
			);
			fileSystemSynchronizedGroups = (
				F60000000000000000000007 /* NasFinderDocumentPicker */,
				A10000000000000000000005 /* NasFinderFileProvider */,
			);
			name = NasFinderDocumentPicker;
			packageProductDependencies = (
				F60000000000000000000023 /* Citadel */,
			);
			productName = NasFinderDocumentPicker;
			productReference = F60000000000000000000004 /* NasFinderDocumentPicker.appex */;
			productType = "com.apple.product-type.app-extension";
		};
		G70000000000000000000007 /* NasFinderDocumentPickerSupport */ = {
			isa = PBXNativeTarget;
			buildConfigurationList = G7000000000000000000000D /* Build configuration list for PBXNativeTarget "NasFinderDocumentPickerSupport" */;
			buildPhases = (
				G70000000000000000000009 /* Sources */,
				G70000000000000000000006 /* Frameworks */,
				G70000000000000000000008 /* Resources */,
			);
			buildRules = (
			);
			dependencies = (
			);
			fileSystemSynchronizedGroups = (
				G70000000000000000000005 /* NasFinderDocumentPickerSupport */,
			);
			name = NasFinderDocumentPickerSupport;
			packageProductDependencies = (
			);
			productName = NasFinderDocumentPickerSupport;
			productReference = G70000000000000000000003 /* NasFinderDocumentPickerSupport.appex */;
			productType = "com.apple.product-type.app-extension";
		};
/* End PBXNativeTarget section */

/* Begin PBXProject section */
		A10000000000000000000001 /* Project object */ = {
			isa = PBXProject;
			attributes = {
				BuildIndependentTargetsInParallel = 1;
				LastSwiftUpdateCheck = 2660;
				LastUpgradeCheck = 2660;
				TargetAttributes = {
					A1000000000000000000000A = {
						CreatedOnToolsVersion = 26.0;
					};
					A1000000000000000000000B = {
						CreatedOnToolsVersion = 26.0;
					};
					A1000000000000000000000C = {
						CreatedOnToolsVersion = 26.0;
						TestTargetID = A1000000000000000000000A;
					};
					B20000000000000000000010 = {
						CreatedOnToolsVersion = 26.0;
					};
					C30000000000000000000009 = {
						CreatedOnToolsVersion = 26.0;
					};
					F60000000000000000000010 = {
						CreatedOnToolsVersion = 26.0;
					};
					G70000000000000000000007 = {
						CreatedOnToolsVersion = 26.0;
					};
				};
			};
			buildConfigurationList = A10000000000000000000024 /* Build configuration list for PBXProject "NasFinder" */;
			developmentRegion = en;
			hasScannedForEncodings = 0;
			knownRegions = (
				en,
				Base,
			);
			mainGroup = A10000000000000000000002;
			minimizedProjectReferenceProxies = 1;
			packageReferences = (
				A1000000000000000000002C /* XCRemoteSwiftPackageReference "Citadel" */,
				D40000000000000000000002 /* XCRemoteSwiftPackageReference "VLCKit" */,
				E50000000000000000000002 /* XCRemoteSwiftPackageReference "SMBClient" */,
			);
			preferredProjectObjectVersion = 77;
			productRefGroup = A10000000000000000000003 /* Products */;
			projectDirPath = "";
			projectRoot = "";
			targets = (
				A1000000000000000000000A /* NasFinder */,
				A1000000000000000000000B /* NasFinderFileProvider */,
				A1000000000000000000000C /* NasFinderTests */,
				B20000000000000000000010 /* NasFinderShare */,
				C30000000000000000000009 /* NasFinderWidget */,
				F60000000000000000000010 /* NasFinderDocumentPicker */,
				G70000000000000000000007 /* NasFinderDocumentPickerSupport */,
			);
		};
/* End PBXProject section */

/* Begin PBXResourcesBuildPhase section */
		A1000000000000000000000F /* Resources */ = {
			isa = PBXResourcesBuildPhase;
			buildActionMask = 2147483647;
			files = (
			);
			runOnlyForDeploymentPostprocessing = 0;
		};
		A10000000000000000000013 /* Resources */ = {
			isa = PBXResourcesBuildPhase;
			buildActionMask = 2147483647;
			files = (
			);
			runOnlyForDeploymentPostprocessing = 0;
		};
		A10000000000000000000016 /* Resources */ = {
			isa = PBXResourcesBuildPhase;
			buildActionMask = 2147483647;
			files = (
			);
			runOnlyForDeploymentPostprocessing = 0;
		};
		B20000000000000000000013 /* Resources */ = {
			isa = PBXResourcesBuildPhase;
			buildActionMask = 2147483647;
			files = (
			);
			runOnlyForDeploymentPostprocessing = 0;
		};
		C30000000000000000000008 /* Resources */ = {
			isa = PBXResourcesBuildPhase;
			buildActionMask = 2147483647;
			files = (
			);
			runOnlyForDeploymentPostprocessing = 0;
		};
		F60000000000000000000013 /* Resources */ = {
			isa = PBXResourcesBuildPhase;
			buildActionMask = 2147483647;
			files = (
			);
			runOnlyForDeploymentPostprocessing = 0;
		};
		G70000000000000000000008 /* Resources */ = {
			isa = PBXResourcesBuildPhase;
			buildActionMask = 2147483647;
			files = (
			);
			runOnlyForDeploymentPostprocessing = 0;
		};
/* End PBXResourcesBuildPhase section */

/* Begin PBXSourcesBuildPhase section */
		A1000000000000000000000D /* Sources */ = {
			isa = PBXSourcesBuildPhase;
			buildActionMask = 2147483647;
			files = (
			);
			runOnlyForDeploymentPostprocessing = 0;
		};
		A10000000000000000000011 /* Sources */ = {
			isa = PBXSourcesBuildPhase;
			buildActionMask = 2147483647;
			files = (
			);
			runOnlyForDeploymentPostprocessing = 0;
		};
		A10000000000000000000014 /* Sources */ = {
			isa = PBXSourcesBuildPhase;
			buildActionMask = 2147483647;
			files = (
			);
			runOnlyForDeploymentPostprocessing = 0;
		};
		B20000000000000000000012 /* Sources */ = {
			isa = PBXSourcesBuildPhase;
			buildActionMask = 2147483647;
			files = (
			);
			runOnlyForDeploymentPostprocessing = 0;
		};
		C30000000000000000000007 /* Sources */ = {
			isa = PBXSourcesBuildPhase;
			buildActionMask = 2147483647;
			files = (
			);
			runOnlyForDeploymentPostprocessing = 0;
		};
		F60000000000000000000012 /* Sources */ = {
			isa = PBXSourcesBuildPhase;
			buildActionMask = 2147483647;
			files = (
			);
			runOnlyForDeploymentPostprocessing = 0;
		};
		G70000000000000000000009 /* Sources */ = {
			isa = PBXSourcesBuildPhase;
			buildActionMask = 2147483647;
			files = (
			);
			runOnlyForDeploymentPostprocessing = 0;
		};
/* End PBXSourcesBuildPhase section */

/* Begin PBXTargetDependency section */
		A10000000000000000000019 /* PBXTargetDependency */ = {
			isa = PBXTargetDependency;
			platformFilter = ios;
			target = A1000000000000000000000B /* NasFinderFileProvider */;
			targetProxy = A10000000000000000000018 /* PBXContainerItemProxy */;
		};
		A1000000000000000000001B /* PBXTargetDependency */ = {
			isa = PBXTargetDependency;
			target = A1000000000000000000000A /* NasFinder */;
			targetProxy = A1000000000000000000001A /* PBXContainerItemProxy */;
		};
		B20000000000000000000014 /* PBXTargetDependency */ = {
			isa = PBXTargetDependency;
			platformFilter = ios;
			target = B20000000000000000000010 /* NasFinderShare */;
			targetProxy = B20000000000000000000002 /* PBXContainerItemProxy */;
		};
		C3000000000000000000000A /* PBXTargetDependency */ = {
			isa = PBXTargetDependency;
			platformFilter = ios;
			target = C30000000000000000000009 /* NasFinderWidget */;
			targetProxy = C30000000000000000000002 /* PBXContainerItemProxy */;
		};
		F60000000000000000000014 /* PBXTargetDependency */ = {
			isa = PBXTargetDependency;
			platformFilter = ios;
			target = F60000000000000000000010 /* NasFinderDocumentPicker */;
			targetProxy = F60000000000000000000003 /* PBXContainerItemProxy */;
		};
		G7000000000000000000000A /* PBXTargetDependency */ = {
			isa = PBXTargetDependency;
			platformFilter = ios;
			target = G70000000000000000000007 /* NasFinderDocumentPickerSupport */;
			targetProxy = G70000000000000000000002 /* PBXContainerItemProxy */;
		};
/* End PBXTargetDependency section */

/* Begin XCBuildConfiguration section */
		A1000000000000000000001C /* Debug */ = {
			isa = XCBuildConfiguration;
			buildSettings = {
				ALWAYS_SEARCH_USER_PATHS = NO;
				ASSETCATALOG_COMPILER_GENERATE_SWIFT_ASSET_SYMBOL_EXTENSIONS = YES;
				CLANG_ENABLE_MODULES = YES;
				CLANG_ENABLE_OBJC_ARC = YES;
				CLANG_WARN_BLOCK_CAPTURE_AUTORELEASING = YES;
				CLANG_WARN_BOOL_CONVERSION = YES;
				CLANG_WARN_COMMA = YES;
				CLANG_WARN_CONSTANT_CONVERSION = YES;
				CLANG_WARN_DEPRECATED_OBJC_IMPLEMENTATIONS = YES;
				CLANG_WARN_DIRECT_OBJC_ISA_USAGE = YES_ERROR;
				CLANG_WARN_DOCUMENTATION_COMMENTS = YES;
				CLANG_WARN_EMPTY_BODY = YES;
				CLANG_WARN_ENUM_CONVERSION = YES;
				CLANG_WARN_INFINITE_RECURSION = YES;
				CLANG_WARN_INT_CONVERSION = YES;
				CLANG_WARN_NON_LITERAL_NULL_CONVERSION = YES;
				CLANG_WARN_OBJC_IMPLICIT_RETAIN_SELF = YES;
				CLANG_WARN_OBJC_LITERAL_CONVERSION = YES;
				CLANG_WARN_OBJC_ROOT_CLASS = YES_ERROR;
				CLANG_WARN_QUOTED_INCLUDE_IN_FRAMEWORK_HEADER = YES;
				CLANG_WARN_RANGE_LOOP_ANALYSIS = YES;
				CLANG_WARN_STRICT_PROTOTYPES = YES;
				CLANG_WARN_SUSPICIOUS_MOVE = YES;
				CLANG_WARN_UNGUARDED_AVAILABILITY = YES_AGGRESSIVE;
				CLANG_WARN_UNREACHABLE_CODE = YES;
				CLANG_WARN__DUPLICATE_METHOD_MATCH = YES;
				COPY_PHASE_STRIP = NO;
				DEBUG_INFORMATION_FORMAT = dwarf;
				ENABLE_STRICT_OBJC_MSGSEND = YES;
				ENABLE_TESTABILITY = YES;
				GCC_C_LANGUAGE_STANDARD = gnu17;
				GCC_DYNAMIC_NO_PIC = NO;
				GCC_NO_COMMON_BLOCKS = YES;
				GCC_OPTIMIZATION_LEVEL = 0;
				GCC_PREPROCESSOR_DEFINITIONS = (
					"DEBUG=1",
					"$(inherited)",
				);
				GCC_WARN_64_TO_32_BIT_CONVERSION = YES;
				GCC_WARN_ABOUT_RETURN_TYPE = YES_ERROR;
				GCC_WARN_UNDECLARED_SELECTOR = YES;
				GCC_WARN_UNINITIALIZED_AUTOS = YES_AGGRESSIVE;
				GCC_WARN_UNUSED_FUNCTION = YES;
				GCC_WARN_UNUSED_VARIABLE = YES;
				IPHONEOS_DEPLOYMENT_TARGET = 17.0;
				LOCALIZATION_PREFERS_STRING_CATALOGS = YES;
				MTL_ENABLE_DEBUG_INFO = INCLUDE_SOURCE;
				MTL_FAST_MATH = YES;
				ONLY_ACTIVE_ARCH = YES;
				SDKROOT = iphoneos;
				SWIFT_ACTIVE_COMPILATION_CONDITIONS = "DEBUG $(inherited)";
				SWIFT_OPTIMIZATION_LEVEL = "-Onone";
			};
			name = Debug;
		};
		A1000000000000000000001D /* Release */ = {
			isa = XCBuildConfiguration;
			buildSettings = {
				ALWAYS_SEARCH_USER_PATHS = NO;
				ASSETCATALOG_COMPILER_GENERATE_SWIFT_ASSET_SYMBOL_EXTENSIONS = YES;
				CLANG_ENABLE_MODULES = YES;
				CLANG_ENABLE_OBJC_ARC = YES;
				CLANG_WARN_BLOCK_CAPTURE_AUTORELEASING = YES;
				CLANG_WARN_BOOL_CONVERSION = YES;
				CLANG_WARN_COMMA = YES;
				CLANG_WARN_CONSTANT_CONVERSION = YES;
				CLANG_WARN_DEPRECATED_OBJC_IMPLEMENTATIONS = YES;
				CLANG_WARN_DIRECT_OBJC_ISA_USAGE = YES_ERROR;
				CLANG_WARN_DOCUMENTATION_COMMENTS = YES;
				CLANG_WARN_EMPTY_BODY = YES;
				CLANG_WARN_ENUM_CONVERSION = YES;
				CLANG_WARN_INFINITE_RECURSION = YES;
				CLANG_WARN_INT_CONVERSION = YES;
				CLANG_WARN_NON_LITERAL_NULL_CONVERSION = YES;
				CLANG_WARN_OBJC_IMPLICIT_RETAIN_SELF = YES;
				CLANG_WARN_OBJC_LITERAL_CONVERSION = YES;
				CLANG_WARN_OBJC_ROOT_CLASS = YES_ERROR;
				CLANG_WARN_QUOTED_INCLUDE_IN_FRAMEWORK_HEADER = YES;
				CLANG_WARN_RANGE_LOOP_ANALYSIS = YES;
				CLANG_WARN_STRICT_PROTOTYPES = YES;
				CLANG_WARN_SUSPICIOUS_MOVE = YES;
				CLANG_WARN_UNGUARDED_AVAILABILITY = YES_AGGRESSIVE;
				CLANG_WARN_UNREACHABLE_CODE = YES;
				CLANG_WARN__DUPLICATE_METHOD_MATCH = YES;
				COPY_PHASE_STRIP = NO;
				DEBUG_INFORMATION_FORMAT = "dwarf-with-dsym";
				ENABLE_NS_ASSERTIONS = NO;
				ENABLE_STRICT_OBJC_MSGSEND = YES;
				GCC_C_LANGUAGE_STANDARD = gnu17;
				GCC_NO_COMMON_BLOCKS = YES;
				GCC_WARN_64_TO_32_BIT_CONVERSION = YES;
				GCC_WARN_ABOUT_RETURN_TYPE = YES_ERROR;
				GCC_WARN_UNDECLARED_SELECTOR = YES;
				GCC_WARN_UNINITIALIZED_AUTOS = YES_AGGRESSIVE;
				GCC_WARN_UNUSED_FUNCTION = YES;
				GCC_WARN_UNUSED_VARIABLE = YES;
				IPHONEOS_DEPLOYMENT_TARGET = 17.0;
				LOCALIZATION_PREFERS_STRING_CATALOGS = YES;
				MTL_ENABLE_DEBUG_INFO = NO;
				MTL_FAST_MATH = YES;
				SDKROOT = iphoneos;
				SWIFT_COMPILATION_MODE = wholemodule;
				VALIDATE_PRODUCT = YES;
			};
			name = Release;
		};
		A1000000000000000000001E /* Debug */ = {
			isa = XCBuildConfiguration;
			buildSettings = {
				ASSETCATALOG_COMPILER_APPICON_NAME = AppIcon;
				ASSETCATALOG_COMPILER_ALTERNATE_APPICON_NAMES = (
					AppIconAlternate,
					AppIconVibeCoder,
					AppIconCyberVault,
				);
				ASSETCATALOG_COMPILER_GLOBAL_ACCENT_COLOR_NAME = AccentColor;
				CODE_SIGN_ENTITLEMENTS = NasFinder/NasFinder.entitlements;
				CODE_SIGN_STYLE = Automatic;
				CURRENT_PROJECT_VERSION = 202608121535;
				DEVELOPMENT_TEAM = T7B4EPLHPK;
				ENABLE_PREVIEWS = YES;
				GENERATE_INFOPLIST_FILE = NO;
				INFOPLIST_FILE = NasFinder/Info.plist;
				INFOPLIST_KEY_CFBundleDisplayName = NasFinder;
				INFOPLIST_KEY_LSApplicationCategoryType = "public.app-category.productivity";
				INFOPLIST_KEY_NSAppTransportSecurity_NSAllowsLocalNetworking = YES;
				INFOPLIST_KEY_NSLocalNetworkUsageDescription = "NasFinder가 같은 네트워크의 NAS 또는 SFTP 서버에 연결하려면 로컬 네트워크 접근이 필요합니다.";
				INFOPLIST_KEY_NasFinderKeychainAccessGroup = "$(AppIdentifierPrefix)com.armsone.nasfinder.shared";
				INFOPLIST_KEY_UIApplicationSceneManifest_Generation = YES;
				INFOPLIST_KEY_UIApplicationSupportsIndirectInputEvents = YES;
				INFOPLIST_KEY_UILaunchScreen_Generation = YES;
				INFOPLIST_KEY_UISupportedInterfaceOrientations_iPad = "UIInterfaceOrientationPortrait UIInterfaceOrientationPortraitUpsideDown UIInterfaceOrientationLandscapeLeft UIInterfaceOrientationLandscapeRight";
				INFOPLIST_KEY_UISupportedInterfaceOrientations_iPhone = "UIInterfaceOrientationPortrait UIInterfaceOrientationLandscapeLeft UIInterfaceOrientationLandscapeRight";
				IPHONEOS_DEPLOYMENT_TARGET = 17.0;
				LD_RUNPATH_SEARCH_PATHS = (
					"$(inherited)",
					"@executable_path/Frameworks",
				);
				MARKETING_VERSION = 1.0;
				PRODUCT_BUNDLE_IDENTIFIER = com.armsone.nasfinder;
				PRODUCT_NAME = "$(TARGET_NAME)";
				SUPPORTED_PLATFORMS = "iphoneos iphonesimulator";
				SUPPORTS_MACCATALYST = NO;
				SWIFT_EMIT_LOC_STRINGS = YES;
				SWIFT_VERSION = 6.0;
				TARGETED_DEVICE_FAMILY = "1,2";
			};
			name = Debug;
		};
		A1000000000000000000001F /* Release */ = {
			isa = XCBuildConfiguration;
			buildSettings = {
				ASSETCATALOG_COMPILER_APPICON_NAME = AppIcon;
				ASSETCATALOG_COMPILER_ALTERNATE_APPICON_NAMES = (
					AppIconAlternate,
					AppIconVibeCoder,
					AppIconCyberVault,
				);
				ASSETCATALOG_COMPILER_GLOBAL_ACCENT_COLOR_NAME = AccentColor;
				CODE_SIGN_ENTITLEMENTS = NasFinder/NasFinder.entitlements;
				CODE_SIGN_STYLE = Automatic;
				CURRENT_PROJECT_VERSION = 202608121535;
				DEVELOPMENT_TEAM = T7B4EPLHPK;
				ENABLE_PREVIEWS = YES;
				GENERATE_INFOPLIST_FILE = NO;
				INFOPLIST_FILE = NasFinder/Info.plist;
				INFOPLIST_KEY_CFBundleDisplayName = NasFinder;
				INFOPLIST_KEY_LSApplicationCategoryType = "public.app-category.productivity";
				INFOPLIST_KEY_NSAppTransportSecurity_NSAllowsLocalNetworking = YES;
				INFOPLIST_KEY_NSLocalNetworkUsageDescription = "NasFinder가 같은 네트워크의 NAS 또는 SFTP 서버에 연결하려면 로컬 네트워크 접근이 필요합니다.";
				INFOPLIST_KEY_NasFinderKeychainAccessGroup = "$(AppIdentifierPrefix)com.armsone.nasfinder.shared";
				INFOPLIST_KEY_UIApplicationSceneManifest_Generation = YES;
				INFOPLIST_KEY_UIApplicationSupportsIndirectInputEvents = YES;
				INFOPLIST_KEY_UILaunchScreen_Generation = YES;
				INFOPLIST_KEY_UISupportedInterfaceOrientations_iPad = "UIInterfaceOrientationPortrait UIInterfaceOrientationPortraitUpsideDown UIInterfaceOrientationLandscapeLeft UIInterfaceOrientationLandscapeRight";
				INFOPLIST_KEY_UISupportedInterfaceOrientations_iPhone = "UIInterfaceOrientationPortrait UIInterfaceOrientationLandscapeLeft UIInterfaceOrientationLandscapeRight";
				IPHONEOS_DEPLOYMENT_TARGET = 17.0;
				LD_RUNPATH_SEARCH_PATHS = (
					"$(inherited)",
					"@executable_path/Frameworks",
				);
				MARKETING_VERSION = 1.0;
				PRODUCT_BUNDLE_IDENTIFIER = com.armsone.nasfinder;
				PRODUCT_NAME = "$(TARGET_NAME)";
				SUPPORTED_PLATFORMS = "iphoneos iphonesimulator";
				SUPPORTS_MACCATALYST = NO;
				SWIFT_EMIT_LOC_STRINGS = YES;
				SWIFT_VERSION = 6.0;
				TARGETED_DEVICE_FAMILY = "1,2";
			};
			name = Release;
		};
		A10000000000000000000020 /* Debug */ = {
			isa = XCBuildConfiguration;
			buildSettings = {
				APPLICATION_EXTENSION_API_ONLY = YES;
				CODE_SIGN_ENTITLEMENTS = NasFinderFileProvider/NasFinderFileProvider.entitlements;
				CODE_SIGN_STYLE = Automatic;
				CURRENT_PROJECT_VERSION = 202608121535;
				DEVELOPMENT_TEAM = T7B4EPLHPK;
				GENERATE_INFOPLIST_FILE = NO;
				INFOPLIST_FILE = NasFinderFileProvider/Info.plist;
				IPHONEOS_DEPLOYMENT_TARGET = 17.0;
				LD_RUNPATH_SEARCH_PATHS = (
					"$(inherited)",
					"@executable_path/../../Frameworks",
				);
				MARKETING_VERSION = 1.0;
				PRODUCT_BUNDLE_IDENTIFIER = com.armsone.nasfinder.fileprovider;
				PRODUCT_NAME = "$(TARGET_NAME)";
				SKIP_INSTALL = YES;
				SUPPORTED_PLATFORMS = "iphoneos iphonesimulator";
				SUPPORTS_MACCATALYST = NO;
				SWIFT_EMIT_LOC_STRINGS = YES;
				SWIFT_VERSION = 6.0;
				TARGETED_DEVICE_FAMILY = "1,2";
			};
			name = Debug;
		};
		A10000000000000000000021 /* Release */ = {
			isa = XCBuildConfiguration;
			buildSettings = {
				APPLICATION_EXTENSION_API_ONLY = YES;
				CODE_SIGN_ENTITLEMENTS = NasFinderFileProvider/NasFinderFileProvider.entitlements;
				CODE_SIGN_STYLE = Automatic;
				CURRENT_PROJECT_VERSION = 202608121535;
				DEVELOPMENT_TEAM = T7B4EPLHPK;
				GENERATE_INFOPLIST_FILE = NO;
				INFOPLIST_FILE = NasFinderFileProvider/Info.plist;
				IPHONEOS_DEPLOYMENT_TARGET = 17.0;
				LD_RUNPATH_SEARCH_PATHS = (
					"$(inherited)",
					"@executable_path/../../Frameworks",
				);
				MARKETING_VERSION = 1.0;
				PRODUCT_BUNDLE_IDENTIFIER = com.armsone.nasfinder.fileprovider;
				PRODUCT_NAME = "$(TARGET_NAME)";
				SKIP_INSTALL = YES;
				SUPPORTED_PLATFORMS = "iphoneos iphonesimulator";
				SUPPORTS_MACCATALYST = NO;
				SWIFT_EMIT_LOC_STRINGS = YES;
				SWIFT_VERSION = 6.0;
				TARGETED_DEVICE_FAMILY = "1,2";
			};
			name = Release;
		};
		A10000000000000000000022 /* Debug */ = {
			isa = XCBuildConfiguration;
			buildSettings = {
				BUNDLE_LOADER = "$(TEST_HOST)";
				CODE_SIGN_STYLE = Automatic;
				CURRENT_PROJECT_VERSION = 202608121535;
				DEVELOPMENT_TEAM = T7B4EPLHPK;
				GENERATE_INFOPLIST_FILE = YES;
				IPHONEOS_DEPLOYMENT_TARGET = 17.0;
				LD_RUNPATH_SEARCH_PATHS = (
					"$(inherited)",
					"@executable_path/Frameworks",
					"@loader_path/Frameworks",
				);
				MARKETING_VERSION = 1.0;
				PRODUCT_BUNDLE_IDENTIFIER = com.armsone.nasfinder.tests;
				PRODUCT_NAME = "$(TARGET_NAME)";
				SUPPORTED_PLATFORMS = "iphoneos iphonesimulator";
				SWIFT_EMIT_LOC_STRINGS = NO;
				SWIFT_VERSION = 6.0;
				TARGETED_DEVICE_FAMILY = "1,2";
				TEST_HOST = "$(BUILT_PRODUCTS_DIR)/NasFinder.app/$(BUNDLE_EXECUTABLE_FOLDER_PATH)/NasFinder";
			};
			name = Debug;
		};
		A10000000000000000000023 /* Release */ = {
			isa = XCBuildConfiguration;
			buildSettings = {
				BUNDLE_LOADER = "$(TEST_HOST)";
				CODE_SIGN_STYLE = Automatic;
				CURRENT_PROJECT_VERSION = 202608121535;
				DEVELOPMENT_TEAM = T7B4EPLHPK;
				GENERATE_INFOPLIST_FILE = YES;
				IPHONEOS_DEPLOYMENT_TARGET = 17.0;
				LD_RUNPATH_SEARCH_PATHS = (
					"$(inherited)",
					"@executable_path/Frameworks",
					"@loader_path/Frameworks",
				);
				MARKETING_VERSION = 1.0;
				PRODUCT_BUNDLE_IDENTIFIER = com.armsone.nasfinder.tests;
				PRODUCT_NAME = "$(TARGET_NAME)";
				SUPPORTED_PLATFORMS = "iphoneos iphonesimulator";
				SWIFT_EMIT_LOC_STRINGS = NO;
				SWIFT_VERSION = 6.0;
				TARGETED_DEVICE_FAMILY = "1,2";
				TEST_HOST = "$(BUILT_PRODUCTS_DIR)/NasFinder.app/$(BUNDLE_EXECUTABLE_FOLDER_PATH)/NasFinder";
			};
			name = Release;
		};
		B20000000000000000000020 /* Debug */ = {
			isa = XCBuildConfiguration;
			buildSettings = {
				APPLICATION_EXTENSION_API_ONLY = YES;
				CODE_SIGN_ENTITLEMENTS = NasFinderShare/NasFinderShare.entitlements;
				CODE_SIGN_STYLE = Automatic;
				CURRENT_PROJECT_VERSION = 202608121535;
				DEVELOPMENT_TEAM = T7B4EPLHPK;
				GENERATE_INFOPLIST_FILE = NO;
				INFOPLIST_FILE = NasFinderShare/Info.plist;
				IPHONEOS_DEPLOYMENT_TARGET = 17.0;
				LD_RUNPATH_SEARCH_PATHS = (
					"$(inherited)",
					"@executable_path/../../Frameworks",
				);
				MARKETING_VERSION = 1.0;
				PRODUCT_BUNDLE_IDENTIFIER = com.armsone.nasfinder.share;
				PRODUCT_NAME = "$(TARGET_NAME)";
				SKIP_INSTALL = YES;
				SUPPORTED_PLATFORMS = "iphoneos iphonesimulator";
				SUPPORTS_MACCATALYST = NO;
				SWIFT_EMIT_LOC_STRINGS = YES;
				SWIFT_VERSION = 6.0;
				TARGETED_DEVICE_FAMILY = "1,2";
			};
			name = Debug;
		};
		B20000000000000000000021 /* Release */ = {
			isa = XCBuildConfiguration;
			buildSettings = {
				APPLICATION_EXTENSION_API_ONLY = YES;
				CODE_SIGN_ENTITLEMENTS = NasFinderShare/NasFinderShare.entitlements;
				CODE_SIGN_STYLE = Automatic;
				CURRENT_PROJECT_VERSION = 202608121535;
				DEVELOPMENT_TEAM = T7B4EPLHPK;
				GENERATE_INFOPLIST_FILE = NO;
				INFOPLIST_FILE = NasFinderShare/Info.plist;
				IPHONEOS_DEPLOYMENT_TARGET = 17.0;
				LD_RUNPATH_SEARCH_PATHS = (
					"$(inherited)",
					"@executable_path/../../Frameworks",
				);
				MARKETING_VERSION = 1.0;
				PRODUCT_BUNDLE_IDENTIFIER = com.armsone.nasfinder.share;
				PRODUCT_NAME = "$(TARGET_NAME)";
				SKIP_INSTALL = YES;
				SUPPORTED_PLATFORMS = "iphoneos iphonesimulator";
				SUPPORTS_MACCATALYST = NO;
				SWIFT_EMIT_LOC_STRINGS = YES;
				SWIFT_VERSION = 6.0;
				TARGETED_DEVICE_FAMILY = "1,2";
			};
			name = Release;
		};
		C3000000000000000000000B /* Debug */ = {
			isa = XCBuildConfiguration;
			buildSettings = {
				APPLICATION_EXTENSION_API_ONLY = YES;
				CODE_SIGN_STYLE = Automatic;
				CURRENT_PROJECT_VERSION = 202608121535;
				DEVELOPMENT_TEAM = T7B4EPLHPK;
				ENABLE_PREVIEWS = YES;
				GENERATE_INFOPLIST_FILE = NO;
				INFOPLIST_FILE = NasFinderWidget/Info.plist;
				IPHONEOS_DEPLOYMENT_TARGET = 17.0;
				LD_RUNPATH_SEARCH_PATHS = (
					"$(inherited)",
					"@executable_path/../../Frameworks",
				);
				MARKETING_VERSION = 1.0;
				PRODUCT_BUNDLE_IDENTIFIER = com.armsone.nasfinder.widget;
				PRODUCT_NAME = "$(TARGET_NAME)";
				SKIP_INSTALL = YES;
				SUPPORTED_PLATFORMS = "iphoneos iphonesimulator";
				SUPPORTS_MACCATALYST = NO;
				SWIFT_EMIT_LOC_STRINGS = YES;
				SWIFT_VERSION = 6.0;
				TARGETED_DEVICE_FAMILY = "1,2";
			};
			name = Debug;
		};
		C3000000000000000000000C /* Release */ = {
			isa = XCBuildConfiguration;
			buildSettings = {
				APPLICATION_EXTENSION_API_ONLY = YES;
				CODE_SIGN_STYLE = Automatic;
				CURRENT_PROJECT_VERSION = 202608121535;
				DEVELOPMENT_TEAM = T7B4EPLHPK;
				ENABLE_PREVIEWS = YES;
				GENERATE_INFOPLIST_FILE = NO;
				INFOPLIST_FILE = NasFinderWidget/Info.plist;
				IPHONEOS_DEPLOYMENT_TARGET = 17.0;
				LD_RUNPATH_SEARCH_PATHS = (
					"$(inherited)",
					"@executable_path/../../Frameworks",
				);
				MARKETING_VERSION = 1.0;
				PRODUCT_BUNDLE_IDENTIFIER = com.armsone.nasfinder.widget;
				PRODUCT_NAME = "$(TARGET_NAME)";
				SKIP_INSTALL = YES;
				SUPPORTED_PLATFORMS = "iphoneos iphonesimulator";
				SUPPORTS_MACCATALYST = NO;
				SWIFT_EMIT_LOC_STRINGS = YES;
				SWIFT_VERSION = 6.0;
				TARGETED_DEVICE_FAMILY = "1,2";
			};
			name = Release;
		};
		F60000000000000000000020 /* Debug */ = {
			isa = XCBuildConfiguration;
			buildSettings = {
				APPLICATION_EXTENSION_API_ONLY = YES;
				CODE_SIGN_ENTITLEMENTS = NasFinderDocumentPicker/NasFinderDocumentPicker.entitlements;
				CODE_SIGN_STYLE = Automatic;
				CURRENT_PROJECT_VERSION = 202608121535;
				DEVELOPMENT_TEAM = T7B4EPLHPK;
				GENERATE_INFOPLIST_FILE = NO;
				INFOPLIST_FILE = NasFinderDocumentPicker/Info.plist;
				IPHONEOS_DEPLOYMENT_TARGET = 17.0;
				LD_RUNPATH_SEARCH_PATHS = (
					"$(inherited)",
					"@executable_path/../../Frameworks",
				);
				MARKETING_VERSION = 1.0;
				PRODUCT_BUNDLE_IDENTIFIER = com.armsone.nasfinder.documentpicker;
				PRODUCT_NAME = "$(TARGET_NAME)";
				SKIP_INSTALL = YES;
				SUPPORTED_PLATFORMS = "iphoneos iphonesimulator";
				SUPPORTS_MACCATALYST = NO;
				SWIFT_EMIT_LOC_STRINGS = YES;
				SWIFT_VERSION = 6.0;
				TARGETED_DEVICE_FAMILY = "1,2";
			};
			name = Debug;
		};
		F60000000000000000000021 /* Release */ = {
			isa = XCBuildConfiguration;
			buildSettings = {
				APPLICATION_EXTENSION_API_ONLY = YES;
				CODE_SIGN_ENTITLEMENTS = NasFinderDocumentPicker/NasFinderDocumentPicker.entitlements;
				CODE_SIGN_STYLE = Automatic;
				CURRENT_PROJECT_VERSION = 202608121535;
				DEVELOPMENT_TEAM = T7B4EPLHPK;
				GENERATE_INFOPLIST_FILE = NO;
				INFOPLIST_FILE = NasFinderDocumentPicker/Info.plist;
				IPHONEOS_DEPLOYMENT_TARGET = 17.0;
				LD_RUNPATH_SEARCH_PATHS = (
					"$(inherited)",
					"@executable_path/../../Frameworks",
				);
				MARKETING_VERSION = 1.0;
				PRODUCT_BUNDLE_IDENTIFIER = com.armsone.nasfinder.documentpicker;
				PRODUCT_NAME = "$(TARGET_NAME)";
				SKIP_INSTALL = YES;
				SUPPORTED_PLATFORMS = "iphoneos iphonesimulator";
				SUPPORTS_MACCATALYST = NO;
				SWIFT_EMIT_LOC_STRINGS = YES;
				SWIFT_VERSION = 6.0;
				TARGETED_DEVICE_FAMILY = "1,2";
			};
			name = Release;
		};
		G7000000000000000000000B /* Debug */ = {
			isa = XCBuildConfiguration;
			buildSettings = {
				APPLICATION_EXTENSION_API_ONLY = YES;
				CODE_SIGN_ENTITLEMENTS = NasFinderDocumentPickerSupport/NasFinderDocumentPickerSupport.entitlements;
				CODE_SIGN_STYLE = Automatic;
				CURRENT_PROJECT_VERSION = 202608121535;
				DEVELOPMENT_TEAM = T7B4EPLHPK;
				GENERATE_INFOPLIST_FILE = NO;
				INFOPLIST_FILE = NasFinderDocumentPickerSupport/Info.plist;
				IPHONEOS_DEPLOYMENT_TARGET = 17.0;
				LD_RUNPATH_SEARCH_PATHS = (
					"$(inherited)",
					"@executable_path/../../Frameworks",
				);
				MARKETING_VERSION = 1.0;
				PRODUCT_BUNDLE_IDENTIFIER = com.armsone.nasfinder.documentpicker.fileprovider;
				PRODUCT_NAME = "$(TARGET_NAME)";
				SKIP_INSTALL = YES;
				SUPPORTED_PLATFORMS = "iphoneos iphonesimulator";
				SUPPORTS_MACCATALYST = NO;
				SWIFT_EMIT_LOC_STRINGS = YES;
				SWIFT_VERSION = 6.0;
				TARGETED_DEVICE_FAMILY = "1,2";
			};
			name = Debug;
		};
		G7000000000000000000000C /* Release */ = {
			isa = XCBuildConfiguration;
			buildSettings = {
				APPLICATION_EXTENSION_API_ONLY = YES;
				CODE_SIGN_ENTITLEMENTS = NasFinderDocumentPickerSupport/NasFinderDocumentPickerSupport.entitlements;
				CODE_SIGN_STYLE = Automatic;
				CURRENT_PROJECT_VERSION = 202608121535;
				DEVELOPMENT_TEAM = T7B4EPLHPK;
				GENERATE_INFOPLIST_FILE = NO;
				INFOPLIST_FILE = NasFinderDocumentPickerSupport/Info.plist;
				IPHONEOS_DEPLOYMENT_TARGET = 17.0;
				LD_RUNPATH_SEARCH_PATHS = (
					"$(inherited)",
					"@executable_path/../../Frameworks",
				);
				MARKETING_VERSION = 1.0;
				PRODUCT_BUNDLE_IDENTIFIER = com.armsone.nasfinder.documentpicker.fileprovider;
				PRODUCT_NAME = "$(TARGET_NAME)";
				SKIP_INSTALL = YES;
				SUPPORTED_PLATFORMS = "iphoneos iphonesimulator";
				SUPPORTS_MACCATALYST = NO;
				SWIFT_EMIT_LOC_STRINGS = YES;
				SWIFT_VERSION = 6.0;
				TARGETED_DEVICE_FAMILY = "1,2";
			};
			name = Release;
		};
/* End XCBuildConfiguration section */

/* Begin XCConfigurationList section */
		A10000000000000000000024 /* Build configuration list for PBXProject "NasFinder" */ = {
			isa = XCConfigurationList;
			buildConfigurations = (
				A1000000000000000000001C /* Debug */,
				A1000000000000000000001D /* Release */,
			);
			defaultConfigurationIsVisible = 0;
			defaultConfigurationName = Release;
		};
		A10000000000000000000025 /* Build configuration list for PBXNativeTarget "NasFinder" */ = {
			isa = XCConfigurationList;
			buildConfigurations = (
				A1000000000000000000001E /* Debug */,
				A1000000000000000000001F /* Release */,
			);
			defaultConfigurationIsVisible = 0;
			defaultConfigurationName = Release;
		};
		A10000000000000000000026 /* Build configuration list for PBXNativeTarget "NasFinderFileProvider" */ = {
			isa = XCConfigurationList;
			buildConfigurations = (
				A10000000000000000000020 /* Debug */,
				A10000000000000000000021 /* Release */,
			);
			defaultConfigurationIsVisible = 0;
			defaultConfigurationName = Release;
		};
		A10000000000000000000027 /* Build configuration list for PBXNativeTarget "NasFinderTests" */ = {
			isa = XCConfigurationList;
			buildConfigurations = (
				A10000000000000000000022 /* Debug */,
				A10000000000000000000023 /* Release */,
			);
			defaultConfigurationIsVisible = 0;
			defaultConfigurationName = Release;
		};
		B20000000000000000000022 /* Build configuration list for PBXNativeTarget "NasFinderShare" */ = {
			isa = XCConfigurationList;
			buildConfigurations = (
				B20000000000000000000020 /* Debug */,
				B20000000000000000000021 /* Release */,
			);
			defaultConfigurationIsVisible = 0;
			defaultConfigurationName = Release;
		};
		C3000000000000000000000D /* Build configuration list for PBXNativeTarget "NasFinderWidget" */ = {
			isa = XCConfigurationList;
			buildConfigurations = (
				C3000000000000000000000B /* Debug */,
				C3000000000000000000000C /* Release */,
			);
			defaultConfigurationIsVisible = 0;
			defaultConfigurationName = Release;
		};
		F60000000000000000000022 /* Build configuration list for PBXNativeTarget "NasFinderDocumentPicker" */ = {
			isa = XCConfigurationList;
			buildConfigurations = (
				F60000000000000000000020 /* Debug */,
				F60000000000000000000021 /* Release */,
			);
			defaultConfigurationIsVisible = 0;
			defaultConfigurationName = Release;
		};
		G7000000000000000000000D /* Build configuration list for PBXNativeTarget "NasFinderDocumentPickerSupport" */ = {
			isa = XCConfigurationList;
			buildConfigurations = (
				G7000000000000000000000B /* Debug */,
				G7000000000000000000000C /* Release */,
			);
			defaultConfigurationIsVisible = 0;
			defaultConfigurationName = Release;
		};
/* End XCConfigurationList section */

/* Begin XCRemoteSwiftPackageReference section */
		A1000000000000000000002C /* XCRemoteSwiftPackageReference "Citadel" */ = {
			isa = XCRemoteSwiftPackageReference;
			repositoryURL = "https://github.com/orlandos-nl/Citadel.git";
			requirement = {
				kind = upToNextMajorVersion;
				minimumVersion = 0.12.1;
			};
		};
		D40000000000000000000002 /* XCRemoteSwiftPackageReference "VLCKit" */ = {
			isa = XCRemoteSwiftPackageReference;
			repositoryURL = "https://github.com/videolan/vlckit.git";
			requirement = {
				kind = revision;
				revision = e3774eb25c62c902e9066ba267e6416d82e83382;
			};
		};
		E50000000000000000000002 /* XCRemoteSwiftPackageReference "SMBClient" */ = {
			isa = XCRemoteSwiftPackageReference;
			repositoryURL = "https://github.com/kishikawakatsumi/SMBClient.git";
			requirement = {
				kind = exactVersion;
				version = 0.3.1;
			};
		};
/* End XCRemoteSwiftPackageReference section */

/* Begin XCSwiftPackageProductDependency section */
		A1000000000000000000002B /* Citadel */ = {
			isa = XCSwiftPackageProductDependency;
			package = A1000000000000000000002C /* XCRemoteSwiftPackageReference "Citadel" */;
			productName = Citadel;
		};
		A1000000000000000000002E /* Citadel */ = {
			isa = XCSwiftPackageProductDependency;
			package = A1000000000000000000002C /* XCRemoteSwiftPackageReference "Citadel" */;
			productName = Citadel;
		};
		D40000000000000000000003 /* VLCKit */ = {
			isa = XCSwiftPackageProductDependency;
			package = D40000000000000000000002 /* XCRemoteSwiftPackageReference "VLCKit" */;
			productName = VLCKit;
		};
		E50000000000000000000003 /* SMBClient */ = {
			isa = XCSwiftPackageProductDependency;
			package = E50000000000000000000002 /* XCRemoteSwiftPackageReference "SMBClient" */;
			productName = SMBClient;
		};
		F60000000000000000000023 /* Citadel */ = {
			isa = XCSwiftPackageProductDependency;
			package = A1000000000000000000002C /* XCRemoteSwiftPackageReference "Citadel" */;
			productName = Citadel;
		};
/* End XCSwiftPackageProductDependency section */
	};
	rootObject = A10000000000000000000001 /* Project object */;
}
